
Microsoft Visual Studio Solution File, Format Version 12.00
# Visual Studio Version 17
VisualStudioVersion = 17.4.33403.182
MinimumVisualStudioVersion = 10.0.40219.1
Project("{FAE04EC0-301F-11D3-BF4B-00C04F79EFBC}") = "EntityFramework", "EntityFramework\EntityFramework.csproj", "{0B7585B9-3412-4D35-B9CC-AD308BBB141A}"
EndProject
Project("{FAE04EC0-301F-11D3-BF4B-00C04F79EFBC}") = "DapperAPI", "Dapper\DapperAPI.csproj", "{4EFE45DC-4D41-4068-BEAC-FDCACA96D03D}"
EndProject
Global
	GlobalSection(SolutionConfigurationPlatforms) = preSolution
		Debug|Any CPU = Debug|Any CPU
		Release|Any CPU = Release|Any CPU
	EndGlobalSection
	GlobalSection(ProjectConfigurationPlatforms) = postSolution
		{0B7585B9-3412-4D35-B9CC-AD308BBB141A}.Debug|Any CPU.ActiveCfg = Debug|Any CPU
		{0B7585B9-3412-4D35-B9CC-AD308BBB141A}.Debug|Any CPU.Build.0 = Debug|Any CPU
		{0B7585B9-3412-4D35-B9CC-AD308BBB141A}.Release|Any CPU.ActiveCfg = Release|Any CPU
		{0B7585B9-3412-4D35-B9CC-AD308BBB141A}.Release|Any CPU.Build.0 = Release|Any CPU
		{4EFE45DC-4D41-4068-BEAC-FDCACA96D03D}.Debug|Any CPU.ActiveCfg = Debug|Any CPU
		{4EFE45DC-4D41-4068-BEAC-FDCACA96D03D}.Debug|Any CPU.Build.0 = Debug|Any CPU
		{4EFE45DC-4D41-4068-BEAC-FDCACA96D03D}.Release|Any CPU.ActiveCfg = Release|Any CPU
		{4EFE45DC-4D41-4068-BEAC-FDCACA96D03D}.Release|Any CPU.Build.0 = Release|Any CPU
	EndGlobalSection
	GlobalSection(SolutionProperties) = preSolution
		HideSolutionNode = FALSE
	EndGlobalSection
	GlobalSection(ExtensibilityGlobals) = postSolution
		SolutionGuid = {2145B7F0-62A1-4165-8445-D3206BDFFC4A}
	EndGlobalSection
EndGlobal
